
Microsoft Visual Studio Solution File, Format Version 12.00
# Visual Studio Version 16
VisualStudioVersion = 16.0.30011.22
MinimumVisualStudioVersion = 10.0.40219.1
Project("{FAE04EC0-301F-11D3-BF4B-00C04F79EFBC}") = "Toy_Tetragraph_Hash_Implementation", "Toy_Tetragraph_Hash_Implementation\Toy_Tetragraph_Hash_Implementation.csproj", "{07BC4F1C-22B4-4231-9B9E-E68520D61C47}"
EndProject
Global
	GlobalSection(SolutionConfigurationPlatforms) = preSolution
		Debug|Any CPU = Debug|Any CPU
		Release|Any CPU = Release|Any CPU
	EndGlobalSection
	GlobalSection(ProjectConfigurationPlatforms) = postSolution
		{07BC4F1C-22B4-4231-9B9E-E68520D61C47}.Debug|Any CPU.ActiveCfg = Debug|Any CPU
		{07BC4F1C-22B4-4231-9B9E-E68520D61C47}.Debug|Any CPU.Build.0 = Debug|Any CPU
		{07BC4F1C-22B4-4231-9B9E-E68520D61C47}.Release|Any CPU.ActiveCfg = Release|Any CPU
		{07BC4F1C-22B4-4231-9B9E-E68520D61C47}.Release|Any CPU.Build.0 = Release|Any CPU
	EndGlobalSection
	GlobalSection(SolutionProperties) = preSolution
		HideSolutionNode = FALSE
	EndGlobalSection
	GlobalSection(ExtensibilityGlobals) = postSolution
		SolutionGuid = {A9C793EA-D08A-42A9-BFD9-8F28C19D60FD}
	EndGlobalSection
EndGlobal
